{
  "version": 4,
  "terraform_version": "1.4.5",
  "serial": 41,
  "lineage": "2248e5e4-d8fd-a6fc-1a33-6c0340900fca",
  "outputs": {
    "gh_actions_role_arn": {
      "value": "arn:aws:iam::578848106316:role/GitHubOIDCRole-20230505180424381800000001",
      "type": "string"
    }
  },
  "resources": [
    {
      "mode": "managed",
      "type": "aws_s3_bucket",
      "name": "this",
      "provider": "provider[\"registry.terraform.io/hashicorp/aws\"]",
      "instances": [
        {
          "schema_version": 0,
          "attributes": {
            "acceleration_status": "",
            "acl": null,
            "arn": "arn:aws:s3:::faaizz-demo-terraform-state",
            "bucket": "faaizz-demo-terraform-state",
            "bucket_domain_name": "faaizz-demo-terraform-state.s3.amazonaws.com",
            "bucket_prefix": "",
            "bucket_regional_domain_name": "faaizz-demo-terraform-state.s3.eu-central-1.amazonaws.com",
            "cors_rule": [],
            "force_destroy": true,
            "grant": [
              {
                "id": "137f3a71e1f60716d1cba64823ef4a3128e706e3921faea5ddd0a17072b3054a",
                "permissions": [
                  "FULL_CONTROL"
                ],
                "type": "CanonicalUser",
                "uri": ""
              }
            ],
            "hosted_zone_id": "Z21DNDUVLTQW6Q",
            "id": "faaizz-demo-terraform-state",
            "lifecycle_rule": [],
            "logging": [],
            "object_lock_configuration": [],
            "object_lock_enabled": false,
            "policy": "",
            "region": "eu-central-1",
            "replication_configuration": [],
            "request_payer": "BucketOwner",
            "server_side_encryption_configuration": [
              {
                "rule": [
                  {
                    "apply_server_side_encryption_by_default": [
                      {
                        "kms_master_key_id": "",
                        "sse_algorithm": "AES256"
                      }
                    ],
                    "bucket_key_enabled": false
                  }
                ]
              }
            ],
            "tags": {},
            "tags_all": {
              "Class": "Pre-Deployment",
              "ManagedBy": "Terraform",
              "Project": "Demo",
              "State": "Local"
            },
            "timeouts": null,
            "versioning": [
              {
                "enabled": false,
                "mfa_delete": false
              }
            ],
            "website": [],
            "website_domain": null,
            "website_endpoint": null
          },
          "sensitive_attributes": [],
          "private": "eyJlMmJmYjczMC1lY2FhLTExZTYtOGY4OC0zNDM2M2JjN2M0YzAiOnsiY3JlYXRlIjoxMjAwMDAwMDAwMDAwLCJkZWxldGUiOjM2MDAwMDAwMDAwMDAsInJlYWQiOjEyMDAwMDAwMDAwMDAsInVwZGF0ZSI6MTIwMDAwMDAwMDAwMH19"
        }
      ]
    },
    {
      "module": "module.iam_github_oidc_provider",
      "mode": "data",
      "type": "aws_partition",
      "name": "current",
      "provider": "provider[\"registry.terraform.io/hashicorp/aws\"]",
      "instances": [
        {
          "schema_version": 0,
          "attributes": {
            "dns_suffix": "amazonaws.com",
            "id": "aws",
            "partition": "aws",
            "reverse_dns_prefix": "com.amazonaws"
          },
          "sensitive_attributes": []
        }
      ]
    },
    {
      "module": "module.iam_github_oidc_provider",
      "mode": "data",
      "type": "tls_certificate",
      "name": "this",
      "provider": "provider[\"registry.terraform.io/hashicorp/tls\"]",
      "instances": [
        {
          "index_key": 0,
          "schema_version": 0,
          "attributes": {
            "certificates": [
              {
                "cert_pem": "-----BEGIN CERTIFICATE-----\nMIIE6jCCA9KgAwIBAgIQCjUI1VwpKwF9+K1lwA/35DANBgkqhkiG9w0BAQsFADBh\nMQswCQYDVQQGEwJVUzEVMBMGA1UEChMMRGlnaUNlcnQgSW5jMRkwFwYDVQQLExB3\nd3cuZGlnaWNlcnQuY29tMSAwHgYDVQQDExdEaWdpQ2VydCBHbG9iYWwgUm9vdCBD\nQTAeFw0yMDA5MjQwMDAwMDBaFw0zMDA5MjMyMzU5NTlaME8xCzAJBgNVBAYTAlVT\nMRUwEwYDVQQKEwxEaWdpQ2VydCBJbmMxKTAnBgNVBAMTIERpZ2lDZXJ0IFRMUyBS\nU0EgU0hBMjU2IDIwMjAgQ0ExMIIBIjANBgkqhkiG9w0BAQEFAAOCAQ8AMIIBCgKC\nAQEAwUuzZUdwvN1PWNvsnO3DZuUfMRNUrUpmRh8sCuxkB+Uu3Ny5CiDt3+PE0J6a\nqXodgojlEVbbHp9YwlHnLDQNLtKS4VbL8Xlfs7uHyiUDe5pSQWYQYE9XE0nw6Ddn\ng9/n00tnTCJRpt8OmRDtV1F0JuJ9x8piLhMbfyOIJVNvwTRYAIuE//i+p1hJInuW\nraKImxW8oHzf6VGo1bDtN+I2tIJLYrVJmuzHZ9bjPvXj1hJeRPG/cUJ9WIQDgLGB\nAfr5yjK7tI4nhyfFK3TUqNaX3sNk+crOU6JWvHgXjkkDKa77SU+kFbnO8lwZV21r\neacroicgE7XQPUDTITAHk+qZ9QIDAQABo4IBrjCCAaowHQYDVR0OBBYEFLdrouqo\nqoSMeeq02g+YssWVdrn0MB8GA1UdIwQYMBaAFAPeUDVW0Uy7ZvCj4hsbw5eyPdFV\nMA4GA1UdDwEB/wQEAwIBhjAdBgNVHSUEFjAUBggrBgEFBQcDAQYIKwYBBQUHAwIw\nEgYDVR0TAQH/BAgwBgEB/wIBADB2BggrBgEFBQcBAQRqMGgwJAYIKwYBBQUHMAGG\nGGh0dHA6Ly9vY3NwLmRpZ2ljZXJ0LmNvbTBABggrBgEFBQcwAoY0aHR0cDovL2Nh\nY2VydHMuZGlnaWNlcnQuY29tL0RpZ2lDZXJ0R2xvYmFsUm9vdENBLmNydDB7BgNV\nHR8EdDByMDegNaAzhjFodHRwOi8vY3JsMy5kaWdpY2VydC5jb20vRGlnaUNlcnRH\nbG9iYWxSb290Q0EuY3JsMDegNaAzhjFodHRwOi8vY3JsNC5kaWdpY2VydC5jb20v\nRGlnaUNlcnRHbG9iYWxSb290Q0EuY3JsMDAGA1UdIAQpMCcwBwYFZ4EMAQEwCAYG\nZ4EMAQIBMAgGBmeBDAECAjAIBgZngQwBAgMwDQYJKoZIhvcNAQELBQADggEBAHer\nt3onPa679n/gWlbJhKrKW3EX3SJH/E6f7tDBpATho+vFScH90cnfjK+URSxGKqNj\nOSD5nkoklEHIqdninFQFBstcHL4AGw+oWv8Zu2XHFq8hVt1hBcnpj5h232sb0HIM\nULkwKXq/YFkQZhM6LawVEWwtIwwCPgU7/uWhnOKK24fXSuhe50gG66sSmvKvhMNb\ng0qZgYOrAKHKCjxMoiWJKiKnpPMzTFuMLhoClw+dj20tlQj7T9rxkTgl4ZxuYRiH\nas6xuwAwapu3r9rxxZf+ingkquqTgLozZXq8oXfpf2kUCwA/d5KxTVtzhwoT0JzI\n8ks5T1KESaZMkE4f97Q=\n-----END CERTIFICATE-----\n",
                "is_ca": true,
                "issuer": "CN=DigiCert Global Root CA,OU=www.digicert.com,O=DigiCert Inc,C=US",
                "not_after": "2030-09-23T23:59:59Z",
                "not_before": "2020-09-24T00:00:00Z",
                "public_key_algorithm": "RSA",
                "serial_number": "13567650854749339296468135199911180260",
                "sha1_fingerprint": "6938fd4d98bab03faadb97b34396831e3780aea1",
                "signature_algorithm": "SHA256-RSA",
                "subject": "CN=DigiCert TLS RSA SHA256 2020 CA1,O=DigiCert Inc,C=US",
                "version": 3
              },
              {
                "cert_pem": "-----BEGIN CERTIFICATE-----\nMIIG8jCCBdqgAwIBAgIQCn5zvdee2Vg6XXlzFLM1XDANBgkqhkiG9w0BAQsFADBP\nMQswCQYDVQQGEwJVUzEVMBMGA1UEChMMRGlnaUNlcnQgSW5jMSkwJwYDVQQDEyBE\naWdpQ2VydCBUTFMgUlNBIFNIQTI1NiAyMDIwIENBMTAeFw0yMjExMDQwMDAwMDBa\nFw0yMzExMDcyMzU5NTlaMHsxCzAJBgNVBAYTAlVTMRMwEQYDVQQIEwpDYWxpZm9y\nbmlhMRYwFAYDVQQHEw1TYW4gRnJhbmNpc2NvMRUwEwYDVQQKEwxHaXRIdWIsIElu\nYy4xKDAmBgNVBAMMHyouYWN0aW9ucy5naXRodWJ1c2VyY29udGVudC5jb20wggEi\nMA0GCSqGSIb3DQEBAQUAA4IBDwAwggEKAoIBAQC94vT0wbk+S/Pr5WRRN7NA5dGS\n5aZv3ww34dnFTUiwf8DKYaAnR2TrV3OGDg7Sb7D/laMMhg2gzCyK45RIoqJI3bcN\nX2IPp36ewyyZczV76SD4/BXDqnO6SQ/wFIv4fCKS2jQjqNHG+HUtJNp0/sII4uLn\n2DyMgE06/vTXleTDxRGfTSgOLdLjjM3uftP3VO3hYUOEogmgFtRVl7ggkLgJ+ZWi\n0I9LO039/zsbnygpL+d5HhLBK3Tb4E11wCEen5582rohs1dhPS/Vu1zyXcGIW7n8\nbLV4acK+KyGEnRBbLp890hw+BABQf/C9Uo6F9t/jNtCnTTw+4rkzCY1M8/a1AgMB\nAAGjggOcMIIDmDAfBgNVHSMEGDAWgBS3a6LqqKqEjHnqtNoPmLLFlXa59DAdBgNV\nHQ4EFgQUQgJD/1vA//F/LF4NGvO+N9cN7mIwSQYDVR0RBEIwQIIfKi5hY3Rpb25z\nLmdpdGh1YnVzZXJjb250ZW50LmNvbYIdYWN0aW9ucy5naXRodWJ1c2VyY29udGVu\ndC5jb20wDgYDVR0PAQH/BAQDAgWgMB0GA1UdJQQWMBQGCCsGAQUFBwMBBggrBgEF\nBQcDAjCBjwYDVR0fBIGHMIGEMECgPqA8hjpodHRwOi8vY3JsMy5kaWdpY2VydC5j\nb20vRGlnaUNlcnRUTFNSU0FTSEEyNTYyMDIwQ0ExLTQuY3JsMECgPqA8hjpodHRw\nOi8vY3JsNC5kaWdpY2VydC5jb20vRGlnaUNlcnRUTFNSU0FTSEEyNTYyMDIwQ0Ex\nLTQuY3JsMD4GA1UdIAQ3MDUwMwYGZ4EMAQICMCkwJwYIKwYBBQUHAgEWG2h0dHA6\nLy93d3cuZGlnaWNlcnQuY29tL0NQUzB/BggrBgEFBQcBAQRzMHEwJAYIKwYBBQUH\nMAGGGGh0dHA6Ly9vY3NwLmRpZ2ljZXJ0LmNvbTBJBggrBgEFBQcwAoY9aHR0cDov\nL2NhY2VydHMuZGlnaWNlcnQuY29tL0RpZ2lDZXJ0VExTUlNBU0hBMjU2MjAyMENB\nMS0xLmNydDAJBgNVHRMEAjAAMIIBfAYKKwYBBAHWeQIEAgSCAWwEggFoAWYAdQDo\nPtDaPvUGNTLnVyi8iWvJA9PL0RFr7Otp4Xd9bQa9bgAAAYRErGRdAAAEAwBGMEQC\nHy+p/x51ZahWaQt+UfDcxTyJnRQaO7T/+X90x+3kkmYCIQC7IDygd0wCyBaYeGVc\nnH8Hj76j3logQZVyDAotBT1Y/QB2ALNzdwfhhFD4Y4bWBancEQlKeS2xZwwLh9zw\nAw55NqWaAAABhESsZIoAAAQDAEcwRQIhAMmnFDlLuSOA/UJ/TlIWcj3m8u3EXujf\njG5cfWIGXAs9AiAQnjXxxnebYM0IANOySg/+dHxDNVgGq/px8RvtxoPfZQB1ALc+\n+yTfnE26dfI5xbpY9Gxd/ELPep81xJ4dCYEl7bSZAAABhESsZEcAAAQDAEYwRAIg\nfOzkC+UGgdW08pfaBR18OGq4moGKK+j4/C93RFDev44CIDI0TxiDfya551M/N0pm\naQQNLr5t96xiFVY3aSMfv2qHMA0GCSqGSIb3DQEBCwUAA4IBAQA+duG+V4+gv9eT\nOA/ZSjU+6h29oS2i991HhjD2qDno3IksmGZqJ47cxSC2uJbf04LWcShVOslOp5e6\nlq+lxOEW+Cj65+Y+ORsp4sbSILVn8mj9+kfxTnEPD+A8Ii0YJoj98fc/u5UDM2B1\n00c6TPiKzUtYRBMoitFhAAB4H93d5illIHK2/RYZUPN3hMcDhv3GFxC0j40OBAUA\nuJ5ZrAXfh48ZtVq/qmjfCX7f0ntUcsm85S2oNKAaKqqlGuwjA7ye80O3WHKQLXXM\nevZ35QEWOlwhphLyHhUL6QFCuAe0wL2arESMXnxgaYE7Ka+SexxEiT5ZmdyrcFwg\nBL7FKjOM\n-----END CERTIFICATE-----\n",
                "is_ca": false,
                "issuer": "CN=DigiCert TLS RSA SHA256 2020 CA1,O=DigiCert Inc,C=US",
                "not_after": "2023-11-07T23:59:59Z",
                "not_before": "2022-11-04T00:00:00Z",
                "public_key_algorithm": "RSA",
                "serial_number": "13948856879982995920425685801082500444",
                "sha1_fingerprint": "f879abce0008e4eb126e0097e46620f5aaae26ad",
                "signature_algorithm": "SHA256-RSA",
                "subject": "CN=*.actions.githubusercontent.com,O=GitHub\\, Inc.,L=San Francisco,ST=California,C=US",
                "version": 3
              }
            ],
            "content": null,
            "id": "2f98b9dddcf0778622dc6788373a7f8c02e3a2c3",
            "url": "https://token.actions.githubusercontent.com",
            "verify_chain": true
          },
          "sensitive_attributes": []
        }
      ]
    },
    {
      "module": "module.iam_github_oidc_provider",
      "mode": "managed",
      "type": "aws_iam_openid_connect_provider",
      "name": "this",
      "provider": "provider[\"registry.terraform.io/hashicorp/aws\"]",
      "instances": [
        {
          "index_key": 0,
          "schema_version": 0,
          "attributes": {
            "arn": "arn:aws:iam::578848106316:oidc-provider/token.actions.githubusercontent.com",
            "client_id_list": [
              "sts.amazonaws.com"
            ],
            "id": "arn:aws:iam::578848106316:oidc-provider/token.actions.githubusercontent.com",
            "tags": null,
            "tags_all": {
              "Class": "Pre-Deployment",
              "ManagedBy": "Terraform",
              "Project": "Demo",
              "State": "Local"
            },
            "thumbprint_list": [
              "6938fd4d98bab03faadb97b34396831e3780aea1",
              "f879abce0008e4eb126e0097e46620f5aaae26ad"
            ],
            "url": "token.actions.githubusercontent.com"
          },
          "sensitive_attributes": [],
          "private": "bnVsbA==",
          "dependencies": [
            "module.iam_github_oidc_provider.data.aws_partition.current",
            "module.iam_github_oidc_provider.data.tls_certificate.this"
          ]
        }
      ]
    },
    {
      "module": "module.iam_github_oidc_role",
      "mode": "data",
      "type": "aws_caller_identity",
      "name": "current",
      "provider": "provider[\"registry.terraform.io/hashicorp/aws\"]",
      "instances": [
        {
          "schema_version": 0,
          "attributes": {
            "account_id": "578848106316",
            "arn": "arn:aws:iam::578848106316:user/terraform_cli_user",
            "id": "578848106316",
            "user_id": "AIDAYNRQJE5GA2ZVEJCVK"
          },
          "sensitive_attributes": []
        }
      ]
    },
    {
      "module": "module.iam_github_oidc_role",
      "mode": "data",
      "type": "aws_iam_policy_document",
      "name": "this",
      "provider": "provider[\"registry.terraform.io/hashicorp/aws\"]",
      "instances": [
        {
          "index_key": 0,
          "schema_version": 0,
          "attributes": {
            "id": "1341626201",
            "json": "{\n  \"Version\": \"2012-10-17\",\n  \"Statement\": [\n    {\n      \"Sid\": \"GithubOidcAuth\",\n      \"Effect\": \"Allow\",\n      \"Action\": [\n        \"sts:TagSession\",\n        \"sts:AssumeRoleWithWebIdentity\"\n      ],\n      \"Principal\": {\n        \"Federated\": \"arn:aws:iam::578848106316:oidc-provider/token.actions.githubusercontent.com\"\n      },\n      \"Condition\": {\n        \"ForAllValues:StringEquals\": {\n          \"token.actions.githubusercontent.com:aud\": \"sts.amazonaws.com\",\n          \"token.actions.githubusercontent.com:iss\": \"http://token.actions.githubusercontent.com\"\n        },\n        \"StringLike\": {\n          \"token.actions.githubusercontent.com:sub\": \"repo:Faaizz/servicing_application_aws:*\"\n        }\n      }\n    }\n  ]\n}",
            "override_json": null,
            "override_policy_documents": null,
            "policy_id": null,
            "source_json": null,
            "source_policy_documents": null,
            "statement": [
              {
                "actions": [
                  "sts:AssumeRoleWithWebIdentity",
                  "sts:TagSession"
                ],
                "condition": [
                  {
                    "test": "ForAllValues:StringEquals",
                    "values": [
                      "http://token.actions.githubusercontent.com"
                    ],
                    "variable": "token.actions.githubusercontent.com:iss"
                  },
                  {
                    "test": "ForAllValues:StringEquals",
                    "values": [
                      "sts.amazonaws.com"
                    ],
                    "variable": "token.actions.githubusercontent.com:aud"
                  },
                  {
                    "test": "StringLike",
                    "values": [
                      "repo:Faaizz/servicing_application_aws:*"
                    ],
                    "variable": "token.actions.githubusercontent.com:sub"
                  }
                ],
                "effect": "Allow",
                "not_actions": [],
                "not_principals": [],
                "not_resources": [],
                "principals": [
                  {
                    "identifiers": [
                      "arn:aws:iam::578848106316:oidc-provider/token.actions.githubusercontent.com"
                    ],
                    "type": "Federated"
                  }
                ],
                "resources": [],
                "sid": "GithubOidcAuth"
              }
            ],
            "version": "2012-10-17"
          },
          "sensitive_attributes": []
        }
      ]
    },
    {
      "module": "module.iam_github_oidc_role",
      "mode": "data",
      "type": "aws_partition",
      "name": "current",
      "provider": "provider[\"registry.terraform.io/hashicorp/aws\"]",
      "instances": [
        {
          "schema_version": 0,
          "attributes": {
            "dns_suffix": "amazonaws.com",
            "id": "aws",
            "partition": "aws",
            "reverse_dns_prefix": "com.amazonaws"
          },
          "sensitive_attributes": []
        }
      ]
    },
    {
      "module": "module.iam_github_oidc_role",
      "mode": "managed",
      "type": "aws_iam_role",
      "name": "this",
      "provider": "provider[\"registry.terraform.io/hashicorp/aws\"]",
      "instances": [
        {
          "index_key": 0,
          "schema_version": 0,
          "attributes": {
            "arn": "arn:aws:iam::578848106316:role/GitHubOIDCRole-20230505180424381800000001",
            "assume_role_policy": "{\"Statement\":[{\"Action\":[\"sts:TagSession\",\"sts:AssumeRoleWithWebIdentity\"],\"Condition\":{\"ForAllValues:StringEquals\":{\"token.actions.githubusercontent.com:aud\":\"sts.amazonaws.com\",\"token.actions.githubusercontent.com:iss\":\"http://token.actions.githubusercontent.com\"},\"StringLike\":{\"token.actions.githubusercontent.com:sub\":\"repo:Faaizz/servicing_application_aws:*\"}},\"Effect\":\"Allow\",\"Principal\":{\"Federated\":\"arn:aws:iam::578848106316:oidc-provider/token.actions.githubusercontent.com\"},\"Sid\":\"GithubOidcAuth\"}],\"Version\":\"2012-10-17\"}",
            "create_date": "2023-05-05T18:04:24Z",
            "description": "",
            "force_detach_policies": true,
            "id": "GitHubOIDCRole-20230505180424381800000001",
            "inline_policy": [],
            "managed_policy_arns": [
              "arn:aws:iam::aws:policy/AdministratorAccess"
            ],
            "max_session_duration": 3600,
            "name": "GitHubOIDCRole-20230505180424381800000001",
            "name_prefix": "GitHubOIDCRole-",
            "path": "/",
            "permissions_boundary": null,
            "tags": {},
            "tags_all": {
              "Class": "Pre-Deployment",
              "ManagedBy": "Terraform",
              "Project": "Demo",
              "State": "Local"
            },
            "unique_id": "AROAYNRQJE5GKOZBZ3NUG"
          },
          "sensitive_attributes": [],
          "private": "bnVsbA==",
          "dependencies": [
            "module.iam_github_oidc_role.data.aws_caller_identity.current",
            "module.iam_github_oidc_role.data.aws_iam_policy_document.this",
            "module.iam_github_oidc_role.data.aws_partition.current"
          ]
        }
      ]
    },
    {
      "module": "module.iam_github_oidc_role",
      "mode": "managed",
      "type": "aws_iam_role_policy_attachment",
      "name": "this",
      "provider": "provider[\"registry.terraform.io/hashicorp/aws\"]",
      "instances": [
        {
          "index_key": "AdministratorAccess",
          "schema_version": 0,
          "attributes": {
            "id": "GitHubOIDCRole-20230505180424381800000001-20230505180425605700000002",
            "policy_arn": "arn:aws:iam::aws:policy/AdministratorAccess",
            "role": "GitHubOIDCRole-20230505180424381800000001"
          },
          "sensitive_attributes": [],
          "private": "bnVsbA==",
          "dependencies": [
            "module.iam_github_oidc_role.aws_iam_role.this",
            "module.iam_github_oidc_role.data.aws_caller_identity.current",
            "module.iam_github_oidc_role.data.aws_iam_policy_document.this",
            "module.iam_github_oidc_role.data.aws_partition.current"
          ]
        }
      ]
    }
  ],
  "check_results": null
}
